# This file is automatically @generated by Cargo.
# It is not intended for manual editing.
[[package]]
name = "anymap"
version = "0.12.1"
source = "registry+https://github.com/rust-lang/crates.io-index"
checksum = "33954243bd79057c2de7338850b85983a44588021f8a5fee574a8888c6de4344"

[[package]]
name = "bitset"
version = "0.1.2"
source = "registry+https://github.com/rust-lang/crates.io-index"
checksum = "cd450435a044ff3a192c9b0063e9f612ee3e2b2e23388332bc3aada13e3f7f6b"

[[package]]
name = "ecs"
version = "0.1.0"
dependencies = [
 "anymap",
 "bitset",
]
